Microsoft Visual Studio Solution File, Format Version 12.00
# Visual Studio Version 17
VisualStudioVersion = 17.5.2.0
MinimumVisualStudioVersion = 10.0.40219.1
Project("{FAE04EC0-301F-11D3-BF4B-00C04F79EFBC}") = "Reviewer", "Reviewer.csproj", "{497A7375-69A5-D840-9F3E-A221561D198F}"
EndProject
Global
	GlobalSection(SolutionConfigurationPlatforms) = preSolution
		Debug|Any CPU = Debug|Any CPU
		Release|Any CPU = Release|Any CPU
	EndGlobalSection
	GlobalSection(ProjectConfigurationPlatforms) = postSolution
		{497A7375-69A5-D840-9F3E-A221561D198F}.Debug|Any CPU.ActiveCfg = Debug|Any CPU
		{497A7375-69A5-D840-9F3E-A221561D198F}.Debug|Any CPU.Build.0 = Debug|Any CPU
		{497A7375-69A5-D840-9F3E-A221561D198F}.Release|Any CPU.ActiveCfg = Release|Any CPU
		{497A7375-69A5-D840-9F3E-A221561D198F}.Release|Any CPU.Build.0 = Release|Any CPU
	EndGlobalSection
	GlobalSection(SolutionProperties) = preSolution
		HideSolutionNode = FALSE
	EndGlobalSection
	GlobalSection(ExtensibilityGlobals) = postSolution
		SolutionGuid = {8F47CDB0-545A-4C3E-976F-EB540BFFD5D8}
	EndGlobalSection
EndGlobal
